# THIS IS AN AUTOGENERATED FILE. DO NOT EDIT THIS FILE DIRECTLY.
# yarn lockfile v1


"@types/node@latest":
  version "15.0.2"
  resolved "https://registry.npmjs.org/@types/node/-/node-15.0.2.tgz#51e9c0920d1b45936ea04341aa3e2e58d339fb67"
  integrity sha512-p68+a+KoxpoB47015IeYZYRrdqMUcpbK8re/zpFB8Ld46LHC1lPEbp3EXgkEhAYEcPvjJF6ZO+869SQ0aH1dcA==

"@types/vscode@latest":
  version "1.55.0"
  resolved "https://registry.npmjs.org/@types/vscode/-/vscode-1.55.0.tgz#58cfbebbd32b3e374e07e7858b1fd0e92b1a1d2b"
  integrity sha512-49hysH7jneTQoSC8TWbAi7nKK9Lc5osQNjmDHVosrcU8o3jecD9GrK0Qyul8q4aGPSXRfNGqIp9CBdb13akETg==

balanced-match@^1.0.0:
  version "1.0.2"
  resolved "https://registry.npmjs.org/balanced-match/-/balanced-match-1.0.2.tgz#e83e3a7e3f300b34cb9d87f615fa0cbf357690ee"
  integrity sha512-3oSeUO0TMV67hN1AmbXsK4yaqU7tjiHlbxRDZOpH0KW9+CeX4bRAaX0Anxt0tx2MrpRpWwQaPwIlISEJhYU5Pw==

brace-expansion@^1.1.7:
  version "1.1.11"
  resolved "https://registry.npmjs.org/brace-expansion/-/brace-expansion-1.1.11.tgz#3c7fcbf529d87226f3d2f52b966ff5271eb441dd"
  integrity sha512-iCuPHDFgrHX7H2vEI/5xpz07zSHB00TpugqhmYtVmMO6518mCuRMoOYFldEBl0g187ufozdaHgWKcYFb61qGiA==
  dependencies:
    balanced-match "^1.0.0"
    concat-map "0.0.1"

concat-map@0.0.1:
  version "0.0.1"
  resolved "https://registry.npmjs.org/concat-map/-/concat-map-0.0.1.tgz#d8a96bd77fd68df7793a73036a3ba0d5405d477b"
  integrity sha1-2Klr13/Wjfd5OnMDajug1UBdR3s=

lru-cache@^6.0.0:
  version "6.0.0"
  resolved "https://registry.npmjs.org/lru-cache/-/lru-cache-6.0.0.tgz#6d6fe6570ebd96aaf90fcad1dafa3b2566db3a94"
  integrity sha512-Jo6dJ04CmSjuznwJSS3pUeWmd/H0ffTlkXXgwZi+eq1UCmqQwCh+eLsYOYCwY991i2Fah4h1BEMCx4qThGbsiA==
  dependencies:
    yallist "^4.0.0"

minimatch@^3.0.4:
  version "3.0.4"
  resolved "https://registry.npmjs.org/minimatch/-/minimatch-3.0.4.tgz#5166e286457f03306064be5497e8dbb0c3d32083"
  integrity sha512-yJHVQEhyqPLUTgt9B83PXu6W3rx4MvvHvSUvToogpwoGDOUQ+yDrR0HRot+yOCdCO7u4hX3pWft6kWBBcqh0UA==
  dependencies:
    brace-expansion "^1.1.7"

semver@^7.3.4:
  version "7.3.5"
  resolved "https://registry.npmjs.org/semver/-/semver-7.3.5.tgz#0b621c879348d8998e4b0e4be94b3f12e6018ef7"
  integrity sha512-PoeGJYh8HK4BTO/a9Tf6ZG3veo/A7ZVsYrSA6J8ny9nb3B1VrpkuN+z9OE5wfE5p6H4LchYZsegiQgbJD94ZFQ==
  dependencies:
    lru-cache "^6.0.0"

typescript@latest:
  version "4.2.4"
  resolved "https://registry.npmjs.org/typescript/-/typescript-4.2.4.tgz#8610b59747de028fda898a8aef0e103f156d0961"
  integrity sha512-V+evlYHZnQkaz8TRBuxTA92yZBPotr5H+WhQ7bD3hZUndx5tGOa1fuCgeSjxAzM1RiN5IzvadIXTVefuuwZCRg==

vscode-jsonrpc@6.1.0-next.2:
  version "6.1.0-next.2"
  resolved "https://registry.npmjs.org/vscode-jsonrpc/-/vscode-jsonrpc-6.1.0-next.2.tgz#b5b67028d551d486c4ac1ec139ffc29382b36a2e"
  integrity sha512-nkiNDGI+Ytp7uj1lxHXddXCoEunhcry1D+KmVHBfUUgWT9jMF8ZJyH5KQObdF+OGAh7bXZxD/SV4uGwSCeHHWA==

vscode-languageclient@^7.1.0-next.4:
  version "7.1.0-next.4"
  resolved "https://registry.npmjs.org/vscode-languageclient/-/vscode-languageclient-7.1.0-next.4.tgz#5e01b54d87dead536613e8d6bd21bcebf6d2cce3"
  integrity sha512-Gal+DvbI1KIwO1z90MvSnghMCVBCGlwdpOVIS0Hhmep7rjHUOwuC5Df7YlVkpzfPm+RCRyZQnUSJ19VNrnxxhA==
  dependencies:
    minimatch "^3.0.4"
    semver "^7.3.4"
    vscode-languageserver-protocol "3.17.0-next.5"

vscode-languageserver-protocol@3.17.0-next.5:
  version "3.17.0-next.5"
  resolved "https://registry.npmjs.org/vscode-languageserver-protocol/-/vscode-languageserver-protocol-3.17.0-next.5.tgz#295ebd7c416d7224b57e4de43c4bfefcc8095f06"
  integrity sha512-LFZ6WMB3iPezQAU9OnGoERzcIVKhcs0OLfD/NHcqSj3g1wgxuLUL5kSlZbbjFySQCmhzm6b0yb3hjTSeBtq1+w==
  dependencies:
    vscode-jsonrpc "6.1.0-next.2"
    vscode-languageserver-types "3.17.0-next.1"

vscode-languageserver-textdocument@^1.0.1:
  version "1.0.1"
  resolved "https://registry.npmjs.org/vscode-languageserver-textdocument/-/vscode-languageserver-textdocument-1.0.1.tgz#178168e87efad6171b372add1dea34f53e5d330f"
  integrity sha512-UIcJDjX7IFkck7cSkNNyzIz5FyvpQfY7sdzVy+wkKN/BLaD4DQ0ppXQrKePomCxTS7RrolK1I0pey0bG9eh8dA==

vscode-languageserver-types@3.17.0-next.1:
  version "3.17.0-next.1"
  resolved "https://registry.npmjs.org/vscode-languageserver-types/-/vscode-languageserver-types-3.17.0-next.1.tgz#396348493ccf567f0c22538033ebf95da5c5e4e3"
  integrity sha512-VGzh06oynbYa6JbTKUbxOEZN7CYEtWhN7DK5wfzUpeCJl8X8xZX39g2PVfpqXrIEduu7dcJgK007KgnX9tHNKA==

vscode-languageserver@^7.1.0-next.4:
  version "7.1.0-next.4"
  resolved "https://registry.npmjs.org/vscode-languageserver/-/vscode-languageserver-7.1.0-next.4.tgz#e9503af9d028dfc3a89e210646c265a087f46b8c"
  integrity sha512-/65lxR/CuLJoOdzTjOTYUPWS7k5qzaWese4PObnWc6jwLryUrSa7DslYfaRXigh5/xr1nlaUZCcJwkpgM0wFvw==
  dependencies:
    vscode-languageserver-protocol "3.17.0-next.5"

yallist@^4.0.0:
  version "4.0.0"
  resolved "https://registry.npmjs.org/yallist/-/yallist-4.0.0.tgz#9bb92790d9c0effec63be73519e11a35019a3a72"
  integrity sha512-3wdGidZyq5PB084XLES5TpOSRA3wjXAlIWMhum2kRcv/41Sn2emQ0dycQW4uZXLejwKvg6EsvbdlVL+FYEct7A==
